
Microsoft Visual Studio Solution File, Format Version 12.00
# Visual Studio Version 16
VisualStudioVersion = 16.0.29709.97
MinimumVisualStudioVersion = 10.0.40219.1
Project("{9A19103F-16F7-4668-BE54-9A1E7A4F7556}") = "cisApp", "cisApp\cisApp.csproj", "{C98DB361-457D-4044-BE31-3D94E9B4D3D0}"
EndProject
Project("{9A19103F-16F7-4668-BE54-9A1E7A4F7556}") = "cisApp.Common", "cisApp.Common\cisApp.Common.csproj", "{8F8B4299-4732-4AB2-9081-99C353AF4550}"
EndProject
Project("{9A19103F-16F7-4668-BE54-9A1E7A4F7556}") = "cisApp.Core", "cisApp.Core\cisApp.Core.csproj", "{52298738-EA92-4BC3-B454-5A7E3B2E17FF}"
EndProject
Project("{9A19103F-16F7-4668-BE54-9A1E7A4F7556}") = "cisApp.library", "cisApp.library\cisApp.library.csproj", "{37FE7CF1-A34A-4278-9185-0D2F6D33CB33}"
EndProject
Project("{9A19103F-16F7-4668-BE54-9A1E7A4F7556}") = "cisApp.Service", "cisApp.Service\cisApp.Service.csproj", "{DCC1C3C3-E02E-4BDA-AF10-CFD8CCFED88B}"
EndProject
Project("{9A19103F-16F7-4668-BE54-9A1E7A4F7556}") = "cisApp.Function", "cisApp.Function\cisApp.Function.csproj", "{B95905B0-5048-4900-976A-5530B3EF8F2C}"
EndProject
Project("{9A19103F-16F7-4668-BE54-9A1E7A4F7556}") = "cisApp.API", "cisApp.API\cisApp.API.csproj", "{980DC8A7-0ED3-4A09-B00C-E0A926973483}"
EndProject
Project("{FAE04EC0-301F-11D3-BF4B-00C04F79EFBC}") = "cisApp.SignalRTest", "cisApp.SignalRTest\cisApp.SignalRTest.csproj", "{E0D7F753-ACFE-42B8-AA63-7148F10EBC61}"
EndProject
Global
	GlobalSection(SolutionConfigurationPlatforms) = preSolution
		Debug|Any CPU = Debug|Any CPU
		Release|Any CPU = Release|Any CPU
	EndGlobalSection
	GlobalSection(ProjectConfigurationPlatforms) = postSolution
		{C98DB361-457D-4044-BE31-3D94E9B4D3D0}.Debug|Any CPU.ActiveCfg = Debug|Any CPU
		{C98DB361-457D-4044-BE31-3D94E9B4D3D0}.Debug|Any CPU.Build.0 = Debug|Any CPU
		{C98DB361-457D-4044-BE31-3D94E9B4D3D0}.Release|Any CPU.ActiveCfg = Release|Any CPU
		{C98DB361-457D-4044-BE31-3D94E9B4D3D0}.Release|Any CPU.Build.0 = Release|Any CPU
		{8F8B4299-4732-4AB2-9081-99C353AF4550}.Debug|Any CPU.ActiveCfg = Debug|Any CPU
		{8F8B4299-4732-4AB2-9081-99C353AF4550}.Debug|Any CPU.Build.0 = Debug|Any CPU
		{8F8B4299-4732-4AB2-9081-99C353AF4550}.Release|Any CPU.ActiveCfg = Release|Any CPU
		{8F8B4299-4732-4AB2-9081-99C353AF4550}.Release|Any CPU.Build.0 = Release|Any CPU
		{52298738-EA92-4BC3-B454-5A7E3B2E17FF}.Debug|Any CPU.ActiveCfg = Debug|Any CPU
		{52298738-EA92-4BC3-B454-5A7E3B2E17FF}.Debug|Any CPU.Build.0 = Debug|Any CPU
		{52298738-EA92-4BC3-B454-5A7E3B2E17FF}.Release|Any CPU.ActiveCfg = Release|Any CPU
		{52298738-EA92-4BC3-B454-5A7E3B2E17FF}.Release|Any CPU.Build.0 = Release|Any CPU
		{37FE7CF1-A34A-4278-9185-0D2F6D33CB33}.Debug|Any CPU.ActiveCfg = Debug|Any CPU
		{37FE7CF1-A34A-4278-9185-0D2F6D33CB33}.Debug|Any CPU.Build.0 = Debug|Any CPU
		{37FE7CF1-A34A-4278-9185-0D2F6D33CB33}.Release|Any CPU.ActiveCfg = Release|Any CPU
		{37FE7CF1-A34A-4278-9185-0D2F6D33CB33}.Release|Any CPU.Build.0 = Release|Any CPU
		{DCC1C3C3-E02E-4BDA-AF10-CFD8CCFED88B}.Debug|Any CPU.ActiveCfg = Debug|Any CPU
		{DCC1C3C3-E02E-4BDA-AF10-CFD8CCFED88B}.Debug|Any CPU.Build.0 = Debug|Any CPU
		{DCC1C3C3-E02E-4BDA-AF10-CFD8CCFED88B}.Release|Any CPU.ActiveCfg = Release|Any CPU
		{DCC1C3C3-E02E-4BDA-AF10-CFD8CCFED88B}.Release|Any CPU.Build.0 = Release|Any CPU
		{B95905B0-5048-4900-976A-5530B3EF8F2C}.Debug|Any CPU.ActiveCfg = Debug|Any CPU
		{B95905B0-5048-4900-976A-5530B3EF8F2C}.Debug|Any CPU.Build.0 = Debug|Any CPU
		{B95905B0-5048-4900-976A-5530B3EF8F2C}.Release|Any CPU.ActiveCfg = Release|Any CPU
		{B95905B0-5048-4900-976A-5530B3EF8F2C}.Release|Any CPU.Build.0 = Release|Any CPU
		{980DC8A7-0ED3-4A09-B00C-E0A926973483}.Debug|Any CPU.ActiveCfg = Debug|Any CPU
		{980DC8A7-0ED3-4A09-B00C-E0A926973483}.Debug|Any CPU.Build.0 = Debug|Any CPU
		{980DC8A7-0ED3-4A09-B00C-E0A926973483}.Release|Any CPU.ActiveCfg = Release|Any CPU
		{980DC8A7-0ED3-4A09-B00C-E0A926973483}.Release|Any CPU.Build.0 = Release|Any CPU
		{E0D7F753-ACFE-42B8-AA63-7148F10EBC61}.Debug|Any CPU.ActiveCfg = Debug|Any CPU
		{E0D7F753-ACFE-42B8-AA63-7148F10EBC61}.Debug|Any CPU.Build.0 = Debug|Any CPU
		{E0D7F753-ACFE-42B8-AA63-7148F10EBC61}.Release|Any CPU.ActiveCfg = Release|Any CPU
		{E0D7F753-ACFE-42B8-AA63-7148F10EBC61}.Release|Any CPU.Build.0 = Release|Any CPU
	EndGlobalSection
	GlobalSection(SolutionProperties) = preSolution
		HideSolutionNode = FALSE
	EndGlobalSection
	GlobalSection(ExtensibilityGlobals) = postSolution
		SolutionGuid = {97C2CAA5-8B4E-4714-884E-15A82ADEE2B3}
	EndGlobalSection
EndGlobal
